{
    "_readme": [
        "This file locks the dependencies of your project to a known state",
        "Read more about it at https://getcomposer.org/doc/01-basic-usage.md#installing-dependencies",
        "This file is @generated automatically"
    ],
    "content-hash": "b4a07b285c9bd414142a7fdb90691852",
    "packages": [
        {
            "name": "kingdarkness/goship",
            "version": "dev-master",
            "source": {
                "type": "git",
                "url": "https://github.com/KingDarkness/goship-php-sdk.git",
                "reference": "cca4e640c96336fc9ace9c70bcd59463854afd04"
            },
            "dist": {
                "type": "zip",
                "url": "https://api.github.com/repos/KingDarkness/goship-php-sdk/zipball/cca4e640c96336fc9ace9c70bcd59463854afd04",
                "reference": "cca4e640c96336fc9ace9c70bcd59463854afd04",
                "shasum": ""
            },
            "default-branch": true,
            "type": "library",
            "autoload": {
                "psr-4": {
                    "Kingdarkness\\Goship\\": "src/"
                }
            },
            "notification-url": "https://packagist.org/downloads/",
            "authors": [
                {
                    "name": "Nguyễn Trần Hoàn",
                    "email": "nguyentranhoan13@gmail.com"
                }
            ],
            "support": {
                "issues": "https://github.com/KingDarkness/goship-php-sdk/issues",
                "source": "https://github.com/KingDarkness/goship-php-sdk/tree/v2.0"
            },
            "time": "2022-03-23T04:00:46+00:00"
        }
    ],
    "packages-dev": [
        {
            "name": "php-stubs/woocommerce-stubs",
            "version": "dev-master",
            "source": {
                "type": "git",
                "url": "https://github.com/php-stubs/woocommerce-stubs.git",
                "reference": "b6c7807e47011fe9a7c3aaedd68e8e02cc501ba7"
            },
            "dist": {
                "type": "zip",
                "url": "https://api.github.com/repos/php-stubs/woocommerce-stubs/zipball/b6c7807e47011fe9a7c3aaedd68e8e02cc501ba7",
                "reference": "b6c7807e47011fe9a7c3aaedd68e8e02cc501ba7",
                "shasum": ""
            },
            "require": {
                "php-stubs/wordpress-stubs": "^5.3.0"
            },
            "require-dev": {
                "php": "~7.1",
                "php-stubs/generator": "^0.8.0"
            },
            "suggest": {
                "symfony/polyfill-php73": "Symfony polyfill backporting some PHP 7.3+ features to lower PHP versions",
                "szepeviktor/phpstan-wordpress": "WordPress extensions for PHPStan"
            },
            "default-branch": true,
            "type": "library",
            "notification-url": "https://packagist.org/downloads/",
            "license": [
                "MIT"
            ],
            "description": "WooCommerce function and class declaration stubs for static analysis.",
            "homepage": "https://github.com/php-stubs/woocommerce-stubs",
            "keywords": [
                "PHPStan",
                "static analysis",
                "woocommerce",
                "wordpress"
            ],
            "support": {
                "issues": "https://github.com/php-stubs/woocommerce-stubs/issues",
                "source": "https://github.com/php-stubs/woocommerce-stubs/tree/master"
            },
            "time": "2022-02-23T09:22:25+00:00"
        },
        {
            "name": "php-stubs/wordpress-stubs",
            "version": "v5.9.1",
            "source": {
                "type": "git",
                "url": "https://github.com/php-stubs/wordpress-stubs.git",
                "reference": "29d7ca925b7ec49d7ee05932f9e753f130d794aa"
            },
            "dist": {
                "type": "zip",
                "url": "https://api.github.com/repos/php-stubs/wordpress-stubs/zipball/29d7ca925b7ec49d7ee05932f9e753f130d794aa",
                "reference": "29d7ca925b7ec49d7ee05932f9e753f130d794aa",
                "shasum": ""
            },
            "replace": {
                "giacocorsiglia/wordpress-stubs": "*"
            },
            "require-dev": {
                "nikic/php-parser": "< 4.12.0",
                "php": "~7.3 || ~8.0",
                "php-stubs/generator": "^0.8.0",
                "phpdocumentor/reflection-docblock": "^5.3",
                "phpstan/phpstan": "^1.2"
            },
            "suggest": {
                "paragonie/sodium_compat": "Pure PHP implementation of libsodium",
                "symfony/polyfill-php73": "Symfony polyfill backporting some PHP 7.3+ features to lower PHP versions",
                "szepeviktor/phpstan-wordpress": "WordPress extensions for PHPStan"
            },
            "type": "library",
            "notification-url": "https://packagist.org/downloads/",
            "license": [
                "MIT"
            ],
            "description": "WordPress function and class declaration stubs for static analysis.",
            "homepage": "https://github.com/php-stubs/wordpress-stubs",
            "keywords": [
                "PHPStan",
                "static analysis",
                "wordpress"
            ],
            "support": {
                "issues": "https://github.com/php-stubs/wordpress-stubs/issues",
                "source": "https://github.com/php-stubs/wordpress-stubs/tree/v5.9.1"
            },
            "time": "2022-02-23T08:39:50+00:00"
        }
    ],
    "aliases": [],
    "minimum-stability": "dev",
    "stability-flags": {
        "kingdarkness/goship": 20,
        "php-stubs/woocommerce-stubs": 20
    },
    "prefer-stable": false,
    "prefer-lowest": false,
    "platform": [],
    "platform-dev": [],
    "plugin-api-version": "2.1.0"
}
